{
  "name": "nodejs-rust",
  "version": "1.0.0",
  "lockfileVersion": 2,
  "requires": true,
  "packages": {
    "": {
      "version": "1.0.0",
      "license": "ISC",
      "dependencies": {
        "nodejs-rust": "file:pkg"
      }
    },
    "node_modules/nodejs-rust": {
      "resolved": "pkg",
      "link": true
    },
    "pkg": {
      "name": "nodejs-rust",
      "version": "0.1.0"
    }
  },
  "dependencies": {
    "nodejs-rust": {
      "version": "file:pkg"
    }
  }
}
